
Microsoft Visual Studio Solution File, Format Version 12.00
# Visual Studio Version 17
VisualStudioVersion = 17.3.32901.215
MinimumVisualStudioVersion = 10.0.40219.1
Project("{FAE04EC0-301F-11D3-BF4B-00C04F79EFBC}") = "Aves", "Aves\Aves.csproj", "{5DE00D18-FFA6-4501-A1E9-8529E263BCB5}"
EndProject
Global
	GlobalSection(SolutionConfigurationPlatforms) = preSolution
		Debug|Any CPU = Debug|Any CPU
		Release|Any CPU = Release|Any CPU
	EndGlobalSection
	GlobalSection(ProjectConfigurationPlatforms) = postSolution
		{5DE00D18-FFA6-4501-A1E9-8529E263BCB5}.Debug|Any CPU.ActiveCfg = Debug|Any CPU
		{5DE00D18-FFA6-4501-A1E9-8529E263BCB5}.Debug|Any CPU.Build.0 = Debug|Any CPU
		{5DE00D18-FFA6-4501-A1E9-8529E263BCB5}.Release|Any CPU.ActiveCfg = Release|Any CPU
		{5DE00D18-FFA6-4501-A1E9-8529E263BCB5}.Release|Any CPU.Build.0 = Release|Any CPU
	EndGlobalSection
	GlobalSection(SolutionProperties) = preSolution
		HideSolutionNode = FALSE
	EndGlobalSection
	GlobalSection(ExtensibilityGlobals) = postSolution
		SolutionGuid = {D11F5FEB-BB31-496A-8E93-92255645A3D9}
	EndGlobalSection
EndGlobal
